
Microsoft Visual Studio Solution File, Format Version 11.00
# Visual C++ Express 2010
Project("{8BC9CEB8-8B4A-11D0-8D11-00A0C91BC942}") = "VirMan kinematics", "VirMan kinematics\VirMan kinematics.vcxproj", "{6F20C93E-D85F-4AA8-9ED9-C3C70FD1FB32}"
EndProject
Global
	GlobalSection(SolutionConfigurationPlatforms) = preSolution
		Debug|Win32 = Debug|Win32
		Release|Win32 = Release|Win32
	EndGlobalSection
	GlobalSection(ProjectConfigurationPlatforms) = postSolution
		{6F20C93E-D85F-4AA8-9ED9-C3C70FD1FB32}.Debug|Win32.ActiveCfg = Debug|Win32
		{6F20C93E-D85F-4AA8-9ED9-C3C70FD1FB32}.Debug|Win32.Build.0 = Debug|Win32
		{6F20C93E-D85F-4AA8-9ED9-C3C70FD1FB32}.Release|Win32.ActiveCfg = Release|Win32
		{6F20C93E-D85F-4AA8-9ED9-C3C70FD1FB32}.Release|Win32.Build.0 = Release|Win32
	EndGlobalSection
	GlobalSection(SolutionProperties) = preSolution
		HideSolutionNode = FALSE
	EndGlobalSection
EndGlobal
